// !$*UTF8*$!
{
	archiveVersion = 1;
	classes = {
	};
	objectVersion = 50;
	objects = {

/* Begin PBXBuildFile section */
		AE22F185256F0774007EF8B6 /* TTTCore.h in Headers */ = {isa = PBXBuildFile; fileRef = AE22F183256F0774007EF8B6 /* TTTCore.h */; settings = {ATTRIBUTES = (Public, ); }; };
		AE22F193256F0803007EF8B6 /* GameTests.swift in Sources */ = {isa = PBXBuildFile; fileRef = AE22F192256F0803007EF8B6 /* GameTests.swift */; };
		AE22F1B5257003C0007EF8B6 /* GameTests.swift in Sources */ = {isa = PBXBuildFile; fileRef = AE22F192256F0803007EF8B6 /* GameTests.swift */; };
		AE27F5182570106500E4BCC0 /* GameManager.swift in Sources */ = {isa = PBXBuildFile; fileRef = AE27F5172570106500E4BCC0 /* GameManager.swift */; };
		AE27F51D257012DC00E4BCC0 /* Game.swift in Sources */ = {isa = PBXBuildFile; fileRef = AE27F51C257012DC00E4BCC0 /* Game.swift */; };
		AE27F5402570689000E4BCC0 /* DimensionalStorageTests.swift in Sources */ = {isa = PBXBuildFile; fileRef = AE27F53F2570689000E4BCC0 /* DimensionalStorageTests.swift */; };
		AE27F5412570689100E4BCC0 /* DimensionalStorageTests.swift in Sources */ = {isa = PBXBuildFile; fileRef = AE27F53F2570689000E4BCC0 /* DimensionalStorageTests.swift */; };
		AE27F54925706C3600E4BCC0 /* DimensionalStorage.swift in Sources */ = {isa = PBXBuildFile; fileRef = AE27F54825706C3600E4BCC0 /* DimensionalStorage.swift */; };
		AECC1F65257231E40094D6F5 /* GameRuleTests.swift in Sources */ = {isa = PBXBuildFile; fileRef = AECC1F64257231E40094D6F5 /* GameRuleTests.swift */; };
		AECC1F66257231E40094D6F5 /* GameRuleTests.swift in Sources */ = {isa = PBXBuildFile; fileRef = AECC1F64257231E40094D6F5 /* GameRuleTests.swift */; };
		AECC1F6B25723B440094D6F5 /* GameConfig.swift in Sources */ = {isa = PBXBuildFile; fileRef = AECC1F6A25723B440094D6F5 /* GameConfig.swift */; };
		AECC1F742572B09A0094D6F5 /* GameIOTests.swift in Sources */ = {isa = PBXBuildFile; fileRef = AECC1F732572B09A0094D6F5 /* GameIOTests.swift */; };
		AECC1F752572B09A0094D6F5 /* GameIOTests.swift in Sources */ = {isa = PBXBuildFile; fileRef = AECC1F732572B09A0094D6F5 /* GameIOTests.swift */; };
/* End PBXBuildFile section */

/* Begin PBXFileReference section */
		AE22F180256F0774007EF8B6 /* TTTCore.framework */ = {isa = PBXFileReference; explicitFileType = wrapper.framework; includeInIndex = 0; path = TTTCore.framework; sourceTree = BUILT_PRODUCTS_DIR; };
		AE22F183256F0774007EF8B6 /* TTTCore.h */ = {isa = PBXFileReference; lastKnownFileType = sourcecode.c.h; path = TTTCore.h; sourceTree = "<group>"; };
		AE22F184256F0774007EF8B6 /* Info.plist */ = {isa = PBXFileReference; lastKnownFileType = text.plist.xml; path = Info.plist; sourceTree = "<group>"; };
		AE22F190256F0803007EF8B6 /* TTTCoreTests-iOS.xctest */ = {isa = PBXFileReference; explicitFileType = wrapper.cfbundle; includeInIndex = 0; path = "TTTCoreTests-iOS.xctest"; sourceTree = BUILT_PRODUCTS_DIR; };
		AE22F192256F0803007EF8B6 /* GameTests.swift */ = {isa = PBXFileReference; lastKnownFileType = sourcecode.swift; path = GameTests.swift; sourceTree = "<group>"; };
		AE22F1BB257003C0007EF8B6 /* TTTCoreTests-macOS.xctest */ = {isa = PBXFileReference; explicitFileType = wrapper.cfbundle; includeInIndex = 0; path = "TTTCoreTests-macOS.xctest"; sourceTree = BUILT_PRODUCTS_DIR; };
		AE22F1CA25700591007EF8B6 /* Info.plist */ = {isa = PBXFileReference; lastKnownFileType = text.plist.xml; path = Info.plist; sourceTree = "<group>"; };
		AE22F1CC25700591007EF8B6 /* Info.plist */ = {isa = PBXFileReference; lastKnownFileType = text.plist.xml; path = Info.plist; sourceTree = "<group>"; };
		AE27F5172570106500E4BCC0 /* GameManager.swift */ = {isa = PBXFileReference; lastKnownFileType = sourcecode.swift; path = GameManager.swift; sourceTree = "<group>"; };
		AE27F51C257012DC00E4BCC0 /* Game.swift */ = {isa = PBXFileReference; lastKnownFileType = sourcecode.swift; path = Game.swift; sourceTree = "<group>"; };
		AE27F53F2570689000E4BCC0 /* DimensionalStorageTests.swift */ = {isa = PBXFileReference; lastKnownFileType = sourcecode.swift; path = DimensionalStorageTests.swift; sourceTree = "<group>"; };
		AE27F54825706C3600E4BCC0 /* DimensionalStorage.swift */ = {isa = PBXFileReference; lastKnownFileType = sourcecode.swift; path = DimensionalStorage.swift; sourceTree = "<group>"; };
		AECC1F64257231E40094D6F5 /* GameRuleTests.swift */ = {isa = PBXFileReference; lastKnownFileType = sourcecode.swift; path = GameRuleTests.swift; sourceTree = "<group>"; };
		AECC1F6A25723B440094D6F5 /* GameConfig.swift */ = {isa = PBXFileReference; lastKnownFileType = sourcecode.swift; path = GameConfig.swift; sourceTree = "<group>"; };
		AECC1F732572B09A0094D6F5 /* GameIOTests.swift */ = {isa = PBXFileReference; lastKnownFileType = sourcecode.swift; path = GameIOTests.swift; sourceTree = "<group>"; };
/* End PBXFileReference section */

/* Begin PBXFrameworksBuildPhase section */
		AE22F17D256F0774007EF8B6 /* Frameworks */ = {
			isa = PBXFrameworksBuildPhase;
			buildActionMask = 2147483647;
			files = (
			);
			runOnlyForDeploymentPostprocessing = 0;
		};
		AE22F18D256F0803007EF8B6 /* Frameworks */ = {
			isa = PBXFrameworksBuildPhase;
			buildActionMask = 2147483647;
			files = (
			);
			runOnlyForDeploymentPostprocessing = 0;
		};
		AE22F1B6257003C0007EF8B6 /* Frameworks */ = {
			isa = PBXFrameworksBuildPhase;
			buildActionMask = 2147483647;
			files = (
			);
			runOnlyForDeploymentPostprocessing = 0;
		};
/* End PBXFrameworksBuildPhase section */

/* Begin PBXGroup section */
		AE22F176256F0774007EF8B6 = {
			isa = PBXGroup;
			children = (
				AE22F182256F0774007EF8B6 /* TTTCore */,
				AE22F191256F0803007EF8B6 /* TTTCoreTests */,
				AE22F181256F0774007EF8B6 /* Products */,
			);
			sourceTree = "<group>";
		};
		AE22F181256F0774007EF8B6 /* Products */ = {
			isa = PBXGroup;
			children = (
				AE22F180256F0774007EF8B6 /* TTTCore.framework */,
				AE22F190256F0803007EF8B6 /* TTTCoreTests-iOS.xctest */,
				AE22F1BB257003C0007EF8B6 /* TTTCoreTests-macOS.xctest */,
			);
			name = Products;
			sourceTree = "<group>";
		};
		AE22F182256F0774007EF8B6 /* TTTCore */ = {
			isa = PBXGroup;
			children = (
				AE27F5172570106500E4BCC0 /* GameManager.swift */,
				AECC1F6A25723B440094D6F5 /* GameConfig.swift */,
				AE27F51C257012DC00E4BCC0 /* Game.swift */,
				AE27F54825706C3600E4BCC0 /* DimensionalStorage.swift */,
				AECC1F792572B15F0094D6F5 /* Supporting */,
			);
			path = TTTCore;
			sourceTree = "<group>";
		};
		AE22F191256F0803007EF8B6 /* TTTCoreTests */ = {
			isa = PBXGroup;
			children = (
				AECC1F732572B09A0094D6F5 /* GameIOTests.swift */,
				AECC1F64257231E40094D6F5 /* GameRuleTests.swift */,
				AE22F192256F0803007EF8B6 /* GameTests.swift */,
				AE27F53F2570689000E4BCC0 /* DimensionalStorageTests.swift */,
				AE22F1CB25700591007EF8B6 /* _iOS */,
				AE22F1C925700591007EF8B6 /* _macOS */,
			);
			path = TTTCoreTests;
			sourceTree = "<group>";
		};
		AE22F1C925700591007EF8B6 /* _macOS */ = {
			isa = PBXGroup;
			children = (
				AE22F1CA25700591007EF8B6 /* Info.plist */,
			);
			path = _macOS;
			sourceTree = "<group>";
		};
		AE22F1CB25700591007EF8B6 /* _iOS */ = {
			isa = PBXGroup;
			children = (
				AE22F1CC25700591007EF8B6 /* Info.plist */,
			);
			path = _iOS;
			sourceTree = "<group>";
		};
		AECC1F792572B15F0094D6F5 /* Supporting */ = {
			isa = PBXGroup;
			children = (
				AE22F183256F0774007EF8B6 /* TTTCore.h */,
				AE22F184256F0774007EF8B6 /* Info.plist */,
			);
			path = Supporting;
			sourceTree = "<group>";
		};
/* End PBXGroup section */

/* Begin PBXHeadersBuildPhase section */
		AE22F17B256F0774007EF8B6 /* Headers */ = {
			isa = PBXHeadersBuildPhase;
			buildActionMask = 2147483647;
			files = (
				AE22F185256F0774007EF8B6 /* TTTCore.h in Headers */,
			);
			runOnlyForDeploymentPostprocessing = 0;
		};
/* End PBXHeadersBuildPhase section */

/* Begin PBXNativeTarget section */
		AE22F17F256F0774007EF8B6 /* TTTCore */ = {
			isa = PBXNativeTarget;
			buildConfigurationList = AE22F188256F0774007EF8B6 /* Build configuration list for PBXNativeTarget "TTTCore" */;
			buildPhases = (
				AE22F17B256F0774007EF8B6 /* Headers */,
				AE22F17C256F0774007EF8B6 /* Sources */,
				AE22F17D256F0774007EF8B6 /* Frameworks */,
				AE22F17E256F0774007EF8B6 /* Resources */,
			);
			buildRules = (
			);
			dependencies = (
			);
			name = TTTCore;
			productName = TTTCore;
			productReference = AE22F180256F0774007EF8B6 /* TTTCore.framework */;
			productType = "com.apple.product-type.framework";
		};
		AE22F18F256F0803007EF8B6 /* TTTCoreTests-iOS */ = {
			isa = PBXNativeTarget;
			buildConfigurationList = AE22F195256F0803007EF8B6 /* Build configuration list for PBXNativeTarget "TTTCoreTests-iOS" */;
			buildPhases = (
				AE22F18C256F0803007EF8B6 /* Sources */,
				AE22F18D256F0803007EF8B6 /* Frameworks */,
				AE22F18E256F0803007EF8B6 /* Resources */,
			);
			buildRules = (
			);
			dependencies = (
			);
			name = "TTTCoreTests-iOS";
			productName = TTTCoreTests;
			productReference = AE22F190256F0803007EF8B6 /* TTTCoreTests-iOS.xctest */;
			productType = "com.apple.product-type.bundle.unit-test";
		};
		AE22F1B3257003C0007EF8B6 /* TTTCoreTests-macOS */ = {
			isa = PBXNativeTarget;
			buildConfigurationList = AE22F1B8257003C0007EF8B6 /* Build configuration list for PBXNativeTarget "TTTCoreTests-macOS" */;
			buildPhases = (
				AE22F1B4257003C0007EF8B6 /* Sources */,
				AE22F1B6257003C0007EF8B6 /* Frameworks */,
				AE22F1B7257003C0007EF8B6 /* Resources */,
			);
			buildRules = (
			);
			dependencies = (
			);
			name = "TTTCoreTests-macOS";
			productName = TTTCoreTests;
			productReference = AE22F1BB257003C0007EF8B6 /* TTTCoreTests-macOS.xctest */;
			productType = "com.apple.product-type.bundle.unit-test";
		};
/* End PBXNativeTarget section */

/* Begin PBXProject section */
		AE22F177256F0774007EF8B6 /* Project object */ = {
			isa = PBXProject;
			attributes = {
				LastSwiftUpdateCheck = 1220;
				LastUpgradeCheck = 1220;
				ORGANIZATIONNAME = "2020-DEV-174";
				TargetAttributes = {
					AE22F17F256F0774007EF8B6 = {
						CreatedOnToolsVersion = 12.2;
						LastSwiftMigration = 1220;
					};
					AE22F18F256F0803007EF8B6 = {
						CreatedOnToolsVersion = 12.2;
					};
				};
			};
			buildConfigurationList = AE22F17A256F0774007EF8B6 /* Build configuration list for PBXProject "TTTCore" */;
			compatibilityVersion = "Xcode 9.3";
			developmentRegion = en;
			hasScannedForEncodings = 0;
			knownRegions = (
				en,
				Base,
			);
			mainGroup = AE22F176256F0774007EF8B6;
			productRefGroup = AE22F181256F0774007EF8B6 /* Products */;
			projectDirPath = "";
			projectRoot = "";
			targets = (
				AE22F17F256F0774007EF8B6 /* TTTCore */,
				AE22F18F256F0803007EF8B6 /* TTTCoreTests-iOS */,
				AE22F1B3257003C0007EF8B6 /* TTTCoreTests-macOS */,
			);
		};
/* End PBXProject section */

/* Begin PBXResourcesBuildPhase section */
		AE22F17E256F0774007EF8B6 /* Resources */ = {
			isa = PBXResourcesBuildPhase;
			buildActionMask = 2147483647;
			files = (
			);
			runOnlyForDeploymentPostprocessing = 0;
		};
		AE22F18E256F0803007EF8B6 /* Resources */ = {
			isa = PBXResourcesBuildPhase;
			buildActionMask = 2147483647;
			files = (
			);
			runOnlyForDeploymentPostprocessing = 0;
		};
		AE22F1B7257003C0007EF8B6 /* Resources */ = {
			isa = PBXResourcesBuildPhase;
			buildActionMask = 2147483647;
			files = (
			);
			runOnlyForDeploymentPostprocessing = 0;
		};
/* End PBXResourcesBuildPhase section */

/* Begin PBXSourcesBuildPhase section */
		AE22F17C256F0774007EF8B6 /* Sources */ = {
			isa = PBXSourcesBuildPhase;
			buildActionMask = 2147483647;
			files = (
				AE27F5182570106500E4BCC0 /* GameManager.swift in Sources */,
				AE27F51D257012DC00E4BCC0 /* Game.swift in Sources */,
				AE27F54925706C3600E4BCC0 /* DimensionalStorage.swift in Sources */,
				AECC1F6B25723B440094D6F5 /* GameConfig.swift in Sources */,
			);
			runOnlyForDeploymentPostprocessing = 0;
		};
		AE22F18C256F0803007EF8B6 /* Sources */ = {
			isa = PBXSourcesBuildPhase;
			buildActionMask = 2147483647;
			files = (
				AE22F193256F0803007EF8B6 /* GameTests.swift in Sources */,
				AECC1F742572B09A0094D6F5 /* GameIOTests.swift in Sources */,
				AE27F5402570689000E4BCC0 /* DimensionalStorageTests.swift in Sources */,
				AECC1F65257231E40094D6F5 /* GameRuleTests.swift in Sources */,
			);
			runOnlyForDeploymentPostprocessing = 0;
		};
		AE22F1B4257003C0007EF8B6 /* Sources */ = {
			isa = PBXSourcesBuildPhase;
			buildActionMask = 2147483647;
			files = (
				AE22F1B5257003C0007EF8B6 /* GameTests.swift in Sources */,
				AECC1F752572B09A0094D6F5 /* GameIOTests.swift in Sources */,
				AE27F5412570689100E4BCC0 /* DimensionalStorageTests.swift in Sources */,
				AECC1F66257231E40094D6F5 /* GameRuleTests.swift in Sources */,
			);
			runOnlyForDeploymentPostprocessing = 0;
		};
/* End PBXSourcesBuildPhase section */

/* Begin XCBuildConfiguration section */
		AE22F186256F0774007EF8B6 /* Debug */ = {
			isa = XCBuildConfiguration;
			buildSettings = {
				ALWAYS_SEARCH_USER_PATHS = NO;
				CLANG_ANALYZER_NONNULL = YES;
				CLANG_ANALYZER_NUMBER_OBJECT_CONVERSION = YES_AGGRESSIVE;
				CLANG_CXX_LANGUAGE_STANDARD = "gnu++14";
				CLANG_CXX_LIBRARY = "libc++";
				CLANG_ENABLE_MODULES = YES;
				CLANG_ENABLE_OBJC_ARC = YES;
				CLANG_ENABLE_OBJC_WEAK = YES;
				CLANG_WARN_BLOCK_CAPTURE_AUTORELEASING = YES;
				CLANG_WARN_BOOL_CONVERSION = YES;
				CLANG_WARN_COMMA = YES;
				CLANG_WARN_CONSTANT_CONVERSION = YES;
				CLANG_WARN_DEPRECATED_OBJC_IMPLEMENTATIONS = YES;
				CLANG_WARN_DIRECT_OBJC_ISA_USAGE = YES_ERROR;
				CLANG_WARN_DOCUMENTATION_COMMENTS = YES;
				CLANG_WARN_EMPTY_BODY = YES;
				CLANG_WARN_ENUM_CONVERSION = YES;
				CLANG_WARN_INFINITE_RECURSION = YES;
				CLANG_WARN_INT_CONVERSION = YES;
				CLANG_WARN_NON_LITERAL_NULL_CONVERSION = YES;
				CLANG_WARN_OBJC_IMPLICIT_RETAIN_SELF = YES;
				CLANG_WARN_OBJC_LITERAL_CONVERSION = YES;
				CLANG_WARN_OBJC_ROOT_CLASS = YES_ERROR;
				CLANG_WARN_QUOTED_INCLUDE_IN_FRAMEWORK_HEADER = YES;
				CLANG_WARN_RANGE_LOOP_ANALYSIS = YES;
				CLANG_WARN_STRICT_PROTOTYPES = YES;
				CLANG_WARN_SUSPICIOUS_MOVE = YES;
				CLANG_WARN_UNGUARDED_AVAILABILITY = YES_AGGRESSIVE;
				CLANG_WARN_UNREACHABLE_CODE = YES;
				CLANG_WARN__DUPLICATE_METHOD_MATCH = YES;
				COPY_PHASE_STRIP = NO;
				CURRENT_PROJECT_VERSION = 1;
				DEBUG_INFORMATION_FORMAT = dwarf;
				ENABLE_STRICT_OBJC_MSGSEND = YES;
				ENABLE_TESTABILITY = YES;
				GCC_C_LANGUAGE_STANDARD = gnu11;
				GCC_DYNAMIC_NO_PIC = NO;
				GCC_NO_COMMON_BLOCKS = YES;
				GCC_OPTIMIZATION_LEVEL = 0;
				GCC_PREPROCESSOR_DEFINITIONS = (
					"DEBUG=1",
					"$(inherited)",
				);
				GCC_WARN_64_TO_32_BIT_CONVERSION = YES;
				GCC_WARN_ABOUT_RETURN_TYPE = YES_ERROR;
				GCC_WARN_UNDECLARED_SELECTOR = YES;
				GCC_WARN_UNINITIALIZED_AUTOS = YES_AGGRESSIVE;
				GCC_WARN_UNUSED_FUNCTION = YES;
				GCC_WARN_UNUSED_VARIABLE = YES;
				IPHONEOS_DEPLOYMENT_TARGET = 14.2;
				MTL_ENABLE_DEBUG_INFO = INCLUDE_SOURCE;
				MTL_FAST_MATH = YES;
				ONLY_ACTIVE_ARCH = YES;
				SDKROOT = iphoneos;
				SWIFT_ACTIVE_COMPILATION_CONDITIONS = DEBUG;
				SWIFT_OPTIMIZATION_LEVEL = "-Onone";
				VERSIONING_SYSTEM = "apple-generic";
				VERSION_INFO_PREFIX = "";
			};
			name = Debug;
		};
		AE22F187256F0774007EF8B6 /* Release */ = {
			isa = XCBuildConfiguration;
			buildSettings = {
				ALWAYS_SEARCH_USER_PATHS = NO;
				CLANG_ANALYZER_NONNULL = YES;
				CLANG_ANALYZER_NUMBER_OBJECT_CONVERSION = YES_AGGRESSIVE;
				CLANG_CXX_LANGUAGE_STANDARD = "gnu++14";
				CLANG_CXX_LIBRARY = "libc++";
				CLANG_ENABLE_MODULES = YES;
				CLANG_ENABLE_OBJC_ARC = YES;
				CLANG_ENABLE_OBJC_WEAK = YES;
				CLANG_WARN_BLOCK_CAPTURE_AUTORELEASING = YES;
				CLANG_WARN_BOOL_CONVERSION = YES;
				CLANG_WARN_COMMA = YES;
				CLANG_WARN_CONSTANT_CONVERSION = YES;
				CLANG_WARN_DEPRECATED_OBJC_IMPLEMENTATIONS = YES;
				CLANG_WARN_DIRECT_OBJC_ISA_USAGE = YES_ERROR;
				CLANG_WARN_DOCUMENTATION_COMMENTS = YES;
				CLANG_WARN_EMPTY_BODY = YES;
				CLANG_WARN_ENUM_CONVERSION = YES;
				CLANG_WARN_INFINITE_RECURSION = YES;
				CLANG_WARN_INT_CONVERSION = YES;
				CLANG_WARN_NON_LITERAL_NULL_CONVERSION = YES;
				CLANG_WARN_OBJC_IMPLICIT_RETAIN_SELF = YES;
				CLANG_WARN_OBJC_LITERAL_CONVERSION = YES;
				CLANG_WARN_OBJC_ROOT_CLASS = YES_ERROR;
				CLANG_WARN_QUOTED_INCLUDE_IN_FRAMEWORK_HEADER = YES;
				CLANG_WARN_RANGE_LOOP_ANALYSIS = YES;
				CLANG_WARN_STRICT_PROTOTYPES = YES;
				CLANG_WARN_SUSPICIOUS_MOVE = YES;
				CLANG_WARN_UNGUARDED_AVAILABILITY = YES_AGGRESSIVE;
				CLANG_WARN_UNREACHABLE_CODE = YES;
				CLANG_WARN__DUPLICATE_METHOD_MATCH = YES;
				COPY_PHASE_STRIP = NO;
				CURRENT_PROJECT_VERSION = 1;
				DEBUG_INFORMATION_FORMAT = "dwarf-with-dsym";
				ENABLE_NS_ASSERTIONS = NO;
				ENABLE_STRICT_OBJC_MSGSEND = YES;
				GCC_C_LANGUAGE_STANDARD = gnu11;
				GCC_NO_COMMON_BLOCKS = YES;
				GCC_WARN_64_TO_32_BIT_CONVERSION = YES;
				GCC_WARN_ABOUT_RETURN_TYPE = YES_ERROR;
				GCC_WARN_UNDECLARED_SELECTOR = YES;
				GCC_WARN_UNINITIALIZED_AUTOS = YES_AGGRESSIVE;
				GCC_WARN_UNUSED_FUNCTION = YES;
				GCC_WARN_UNUSED_VARIABLE = YES;
				IPHONEOS_DEPLOYMENT_TARGET = 14.2;
				MTL_ENABLE_DEBUG_INFO = NO;
				MTL_FAST_MATH = YES;
				SDKROOT = iphoneos;
				SWIFT_COMPILATION_MODE = wholemodule;
				SWIFT_OPTIMIZATION_LEVEL = "-O";
				VALIDATE_PRODUCT = YES;
				VERSIONING_SYSTEM = "apple-generic";
				VERSION_INFO_PREFIX = "";
			};
			name = Release;
		};
		AE22F189256F0774007EF8B6 /* Debug */ = {
			isa = XCBuildConfiguration;
			buildSettings = {
				CLANG_ENABLE_MODULES = YES;
				CODE_SIGN_STYLE = Automatic;
				DEFINES_MODULE = YES;
				DYLIB_COMPATIBILITY_VERSION = 1;
				DYLIB_CURRENT_VERSION = 1;
				DYLIB_INSTALL_NAME_BASE = "@rpath";
				INFOPLIST_FILE = TTTCore/Supporting/Info.plist;
				INSTALL_PATH = "$(LOCAL_LIBRARY_DIR)/Frameworks";
				LD_RUNPATH_SEARCH_PATHS = (
					"$(inherited)",
					"@executable_path/Frameworks",
					"@loader_path/Frameworks",
				);
				PRODUCT_BUNDLE_IDENTIFIER = "com.2020-DEV-174.TTTCore";
				PRODUCT_NAME = "$(TARGET_NAME:c99extidentifier)";
				SKIP_INSTALL = YES;
				SWIFT_OPTIMIZATION_LEVEL = "-Onone";
				SWIFT_VERSION = 5.0;
				TARGETED_DEVICE_FAMILY = "1,2";
			};
			name = Debug;
		};
		AE22F18A256F0774007EF8B6 /* Release */ = {
			isa = XCBuildConfiguration;
			buildSettings = {
				CLANG_ENABLE_MODULES = YES;
				CODE_SIGN_STYLE = Automatic;
				DEFINES_MODULE = YES;
				DYLIB_COMPATIBILITY_VERSION = 1;
				DYLIB_CURRENT_VERSION = 1;
				DYLIB_INSTALL_NAME_BASE = "@rpath";
				INFOPLIST_FILE = TTTCore/Supporting/Info.plist;
				INSTALL_PATH = "$(LOCAL_LIBRARY_DIR)/Frameworks";
				LD_RUNPATH_SEARCH_PATHS = (
					"$(inherited)",
					"@executable_path/Frameworks",
					"@loader_path/Frameworks",
				);
				PRODUCT_BUNDLE_IDENTIFIER = "com.2020-DEV-174.TTTCore";
				PRODUCT_NAME = "$(TARGET_NAME:c99extidentifier)";
				SKIP_INSTALL = YES;
				SWIFT_VERSION = 5.0;
				TARGETED_DEVICE_FAMILY = "1,2";
			};
			name = Release;
		};
		AE22F196256F0803007EF8B6 /* Debug */ = {
			isa = XCBuildConfiguration;
			buildSettings = {
				CODE_SIGN_STYLE = Automatic;
				INFOPLIST_FILE = TTTCoreTests/_iOS/Info.plist;
				IPHONEOS_DEPLOYMENT_TARGET = 14.2;
				LD_RUNPATH_SEARCH_PATHS = (
					"$(inherited)",
					"@executable_path/../Frameworks",
					"@loader_path/../Frameworks",
				);
				PRODUCT_BUNDLE_IDENTIFIER = "com.2020-DEV-174.TTTCoreTests-iOS";
				PRODUCT_NAME = "$(TARGET_NAME)";
				SDKROOT = iphoneos;
				SWIFT_VERSION = 5.0;
				TARGETED_DEVICE_FAMILY = "1,2";
			};
			name = Debug;
		};
		AE22F197256F0803007EF8B6 /* Release */ = {
			isa = XCBuildConfiguration;
			buildSettings = {
				CODE_SIGN_STYLE = Automatic;
				INFOPLIST_FILE = TTTCoreTests/_iOS/Info.plist;
				IPHONEOS_DEPLOYMENT_TARGET = 14.2;
				LD_RUNPATH_SEARCH_PATHS = (
					"$(inherited)",
					"@executable_path/../Frameworks",
					"@loader_path/../Frameworks",
				);
				PRODUCT_BUNDLE_IDENTIFIER = "com.2020-DEV-174.TTTCoreTests-iOS";
				PRODUCT_NAME = "$(TARGET_NAME)";
				SDKROOT = iphoneos;
				SWIFT_VERSION = 5.0;
				TARGETED_DEVICE_FAMILY = "1,2";
			};
			name = Release;
		};
		AE22F1B9257003C0007EF8B6 /* Debug */ = {
			isa = XCBuildConfiguration;
			buildSettings = {
				CODE_SIGN_STYLE = Automatic;
				COMBINE_HIDPI_IMAGES = YES;
				INFOPLIST_FILE = TTTCoreTests/_macOS/Info.plist;
				LD_RUNPATH_SEARCH_PATHS = (
					"$(inherited)",
					"@executable_path/../Frameworks",
					"@loader_path/../Frameworks",
				);
				MACOSX_DEPLOYMENT_TARGET = 10.15;
				PRODUCT_BUNDLE_IDENTIFIER = "com.2020-DEV-174.TTTCoreTests-macOS";
				PRODUCT_NAME = "$(TARGET_NAME)";
				SDKROOT = macosx;
				SWIFT_VERSION = 5.0;
			};
			name = Debug;
		};
		AE22F1BA257003C0007EF8B6 /* Release */ = {
			isa = XCBuildConfiguration;
			buildSettings = {
				CODE_SIGN_STYLE = Automatic;
				COMBINE_HIDPI_IMAGES = YES;
				INFOPLIST_FILE = TTTCoreTests/_macOS/Info.plist;
				LD_RUNPATH_SEARCH_PATHS = (
					"$(inherited)",
					"@executable_path/../Frameworks",
					"@loader_path/../Frameworks",
				);
				MACOSX_DEPLOYMENT_TARGET = 10.15;
				PRODUCT_BUNDLE_IDENTIFIER = "com.2020-DEV-174.TTTCoreTests-macOS";
				PRODUCT_NAME = "$(TARGET_NAME)";
				SDKROOT = macosx;
				SWIFT_VERSION = 5.0;
			};
			name = Release;
		};
/* End XCBuildConfiguration section */

/* Begin XCConfigurationList section */
		AE22F17A256F0774007EF8B6 /* Build configuration list for PBXProject "TTTCore" */ = {
			isa = XCConfigurationList;
			buildConfigurations = (
				AE22F186256F0774007EF8B6 /* Debug */,
				AE22F187256F0774007EF8B6 /* Release */,
			);
			defaultConfigurationIsVisible = 0;
			defaultConfigurationName = Release;
		};
		AE22F188256F0774007EF8B6 /* Build configuration list for PBXNativeTarget "TTTCore" */ = {
			isa = XCConfigurationList;
			buildConfigurations = (
				AE22F189256F0774007EF8B6 /* Debug */,
				AE22F18A256F0774007EF8B6 /* Release */,
			);
			defaultConfigurationIsVisible = 0;
			defaultConfigurationName = Release;
		};
		AE22F195256F0803007EF8B6 /* Build configuration list for PBXNativeTarget "TTTCoreTests-iOS" */ = {
			isa = XCConfigurationList;
			buildConfigurations = (
				AE22F196256F0803007EF8B6 /* Debug */,
				AE22F197256F0803007EF8B6 /* Release */,
			);
			defaultConfigurationIsVisible = 0;
			defaultConfigurationName = Release;
		};
		AE22F1B8257003C0007EF8B6 /* Build configuration list for PBXNativeTarget "TTTCoreTests-macOS" */ = {
			isa = XCConfigurationList;
			buildConfigurations = (
				AE22F1B9257003C0007EF8B6 /* Debug */,
				AE22F1BA257003C0007EF8B6 /* Release */,
			);
			defaultConfigurationIsVisible = 0;
			defaultConfigurationName = Release;
		};
/* End XCConfigurationList section */
	};
	rootObject = AE22F177256F0774007EF8B6 /* Project object */;
}
